// !$*UTF8*$!
{
	archiveVersion = 1;
	classes = {
	};
	objectVersion = 46;
	objects = {

/* Begin PBXBuildFile section */
		39F692041BF8D92300048A5C /* AppDelegate.swift in Sources */ = {isa = PBXBuildFile; fileRef = 39F692031BF8D92300048A5C /* AppDelegate.swift */; };
		39F692061BF8D92300048A5C /* ViewController.swift in Sources */ = {isa = PBXBuildFile; fileRef = 39F692051BF8D92300048A5C /* ViewController.swift */; };
		39F692091BF8D92300048A5C /* Main.storyboard in Resources */ = {isa = PBXBuildFile; fileRef = 39F692071BF8D92300048A5C /* Main.storyboard */; };
		39F6920B1BF8D92300048A5C /* Assets.xcassets in Resources */ = {isa = PBXBuildFile; fileRef = 39F6920A1BF8D92300048A5C /* Assets.xcassets */; };
		39F6920E1BF8D92300048A5C /* LaunchScreen.storyboard in Resources */ = {isa = PBXBuildFile; fileRef = 39F6920C1BF8D92300048A5C /* LaunchScreen.storyboard */; };
		39F692191BF8D92300048A5C /* SampleCameraTests.swift in Sources */ = {isa = PBXBuildFile; fileRef = 39F692181BF8D92300048A5C /* SampleCameraTests.swift */; };
		39F692241BF8D92300048A5C /* SampleCameraUITests.swift in Sources */ = {isa = PBXBuildFile; fileRef = 39F692231BF8D92300048A5C /* SampleCameraUITests.swift */; };
/* End PBXBuildFile section */

/* Begin PBXContainerItemProxy section */
		39F692151BF8D92300048A5C /* PBXContainerItemProxy */ = {
			isa = PBXContainerItemProxy;
			containerPortal = 39F691F81BF8D92300048A5C /* Project object */;
			proxyType = 1;
			remoteGlobalIDString = 39F691FF1BF8D92300048A5C;
			remoteInfo = SampleCamera;
		};
		39F692201BF8D92300048A5C /* PBXContainerItemProxy */ = {
			isa = PBXContainerItemProxy;
			containerPortal = 39F691F81BF8D92300048A5C /* Project object */;
			proxyType = 1;
			remoteGlobalIDString = 39F691FF1BF8D92300048A5C;
			remoteInfo = SampleCamera;
		};
/* End PBXContainerItemProxy section */

/* Begin PBXFileReference section */
		39F692001BF8D92300048A5C /* SampleCamera.app */ = {isa = PBXFileReference; explicitFileType = wrapper.application; includeInIndex = 0; path = SampleCamera.app; sourceTree = BUILT_PRODUCTS_DIR; };
		39F692031BF8D92300048A5C /* AppDelegate.swift */ = {isa = PBXFileReference; lastKnownFileType = sourcecode.swift; path = AppDelegate.swift; sourceTree = "<group>"; };
		39F692051BF8D92300048A5C /* ViewController.swift */ = {isa = PBXFileReference; lastKnownFileType = sourcecode.swift; path = ViewController.swift; sourceTree = "<group>"; };
		39F692081BF8D92300048A5C /* Base */ = {isa = PBXFileReference; lastKnownFileType = file.storyboard; name = Base; path = Base.lproj/Main.storyboard; sourceTree = "<group>"; };
		39F6920A1BF8D92300048A5C /* Assets.xcassets */ = {isa = PBXFileReference; lastKnownFileType = folder.assetcatalog; path = Assets.xcassets; sourceTree = "<group>"; };
		39F6920D1BF8D92300048A5C /* Base */ = {isa = PBXFileReference; lastKnownFileType = file.storyboard; name = Base; path = Base.lproj/LaunchScreen.storyboard; sourceTree = "<group>"; };
		39F6920F1BF8D92300048A5C /* Info.plist */ = {isa = PBXFileReference; lastKnownFileType = text.plist.xml; path = Info.plist; sourceTree = "<group>"; };
		39F692141BF8D92300048A5C /* SampleCameraTests.xctest */ = {isa = PBXFileReference; explicitFileType = wrapper.cfbundle; includeInIndex = 0; path = SampleCameraTests.xctest; sourceTree = BUILT_PRODUCTS_DIR; };
		39F692181BF8D92300048A5C /* SampleCameraTests.swift */ = {isa = PBXFileReference; lastKnownFileType = sourcecode.swift; path = SampleCameraTests.swift; sourceTree = "<group>"; };
		39F6921A1BF8D92300048A5C /* Info.plist */ = {isa = PBXFileReference; lastKnownFileType = text.plist.xml; path = Info.plist; sourceTree = "<group>"; };
		39F6921F1BF8D92300048A5C /* SampleCameraUITests.xctest */ = {isa = PBXFileReference; explicitFileType = wrapper.cfbundle; includeInIndex = 0; path = SampleCameraUITests.xctest; sourceTree = BUILT_PRODUCTS_DIR; };
		39F692231BF8D92300048A5C /* SampleCameraUITests.swift */ = {isa = PBXFileReference; lastKnownFileType = sourcecode.swift; path = SampleCameraUITests.swift; sourceTree = "<group>"; };
		39F692251BF8D92300048A5C /* Info.plist */ = {isa = PBXFileReference; lastKnownFileType = text.plist.xml; path = Info.plist; sourceTree = "<group>"; };
/* End PBXFileReference section */

/* Begin PBXFrameworksBuildPhase section */
		39F691FD1BF8D92300048A5C /* Frameworks */ = {
			isa = PBXFrameworksBuildPhase;
			buildActionMask = 2147483647;
			files = (
			);
			runOnlyForDeploymentPostprocessing = 0;
		};
		39F692111BF8D92300048A5C /* Frameworks */ = {
			isa = PBXFrameworksBuildPhase;
			buildActionMask = 2147483647;
			files = (
			);
			runOnlyForDeploymentPostprocessing = 0;
		};
		39F6921C1BF8D92300048A5C /* Frameworks */ = {
			isa = PBXFrameworksBuildPhase;
			buildActionMask = 2147483647;
			files = (
			);
			runOnlyForDeploymentPostprocessing = 0;
		};
/* End PBXFrameworksBuildPhase section */

/* Begin PBXGroup section */
		39F691F71BF8D92300048A5C = {
			isa = PBXGroup;
			children = (
				39F692021BF8D92300048A5C /* SampleCamera */,
				39F692171BF8D92300048A5C /* SampleCameraTests */,
				39F692221BF8D92300048A5C /* SampleCameraUITests */,
				39F692011BF8D92300048A5C /* Products */,
			);
			sourceTree = "<group>";
		};
		39F692011BF8D92300048A5C /* Products */ = {
			isa = PBXGroup;
			children = (
				39F692001BF8D92300048A5C /* SampleCamera.app */,
				39F692141BF8D92300048A5C /* SampleCameraTests.xctest */,
				39F6921F1BF8D92300048A5C /* SampleCameraUITests.xctest */,
			);
			name = Products;
			sourceTree = "<group>";
		};
		39F692021BF8D92300048A5C /* SampleCamera */ = {
			isa = PBXGroup;
			children = (
				39F692031BF8D92300048A5C /* AppDelegate.swift */,
				39F692051BF8D92300048A5C /* ViewController.swift */,
				39F692071BF8D92300048A5C /* Main.storyboard */,
				39F6920A1BF8D92300048A5C /* Assets.xcassets */,
				39F6920C1BF8D92300048A5C /* LaunchScreen.storyboard */,
				39F6920F1BF8D92300048A5C /* Info.plist */,
			);
			path = SampleCamera;
			sourceTree = "<group>";
		};
		39F692171BF8D92300048A5C /* SampleCameraTests */ = {
			isa = PBXGroup;
			children = (
				39F692181BF8D92300048A5C /* SampleCameraTests.swift */,
				39F6921A1BF8D92300048A5C /* Info.plist */,
			);
			path = SampleCameraTests;
			sourceTree = "<group>";
		};
		39F692221BF8D92300048A5C /* SampleCameraUITests */ = {
			isa = PBXGroup;
			children = (
				39F692231BF8D92300048A5C /* SampleCameraUITests.swift */,
				39F692251BF8D92300048A5C /* Info.plist */,
			);
			path = SampleCameraUITests;
			sourceTree = "<group>";
		};
/* End PBXGroup section */

/* Begin PBXNativeTarget section */
		39F691FF1BF8D92300048A5C /* SampleCamera */ = {
			isa = PBXNativeTarget;
			buildConfigurationList = 39F692281BF8D92300048A5C /* Build configuration list for PBXNativeTarget "SampleCamera" */;
			buildPhases = (
				39F691FC1BF8D92300048A5C /* Sources */,
				39F691FD1BF8D92300048A5C /* Frameworks */,
				39F691FE1BF8D92300048A5C /* Resources */,
			);
			buildRules = (
			);
			dependencies = (
			);
			name = SampleCamera;
			productName = SampleCamera;
			productReference = 39F692001BF8D92300048A5C /* SampleCamera.app */;
			productType = "com.apple.product-type.application";
		};
		39F692131BF8D92300048A5C /* SampleCameraTests */ = {
			isa = PBXNativeTarget;
			buildConfigurationList = 39F6922B1BF8D92300048A5C /* Build configuration list for PBXNativeTarget "SampleCameraTests" */;
			buildPhases = (
				39F692101BF8D92300048A5C /* Sources */,
				39F692111BF8D92300048A5C /* Frameworks */,
				39F692121BF8D92300048A5C /* Resources */,
			);
			buildRules = (
			);
			dependencies = (
				39F692161BF8D92300048A5C /* PBXTargetDependency */,
			);
			name = SampleCameraTests;
			productName = SampleCameraTests;
			productReference = 39F692141BF8D92300048A5C /* SampleCameraTests.xctest */;
			productType = "com.apple.product-type.bundle.unit-test";
		};
		39F6921E1BF8D92300048A5C /* SampleCameraUITests */ = {
			isa = PBXNativeTarget;
			buildConfigurationList = 39F6922E1BF8D92300048A5C /* Build configuration list for PBXNativeTarget "SampleCameraUITests" */;
			buildPhases = (
				39F6921B1BF8D92300048A5C /* Sources */,
				39F6921C1BF8D92300048A5C /* Frameworks */,
				39F6921D1BF8D92300048A5C /* Resources */,
			);
			buildRules = (
			);
			dependencies = (
				39F692211BF8D92300048A5C /* PBXTargetDependency */,
			);
			name = SampleCameraUITests;
			productName = SampleCameraUITests;
			productReference = 39F6921F1BF8D92300048A5C /* SampleCameraUITests.xctest */;
			productType = "com.apple.product-type.bundle.ui-testing";
		};
/* End PBXNativeTarget section */

/* Begin PBXProject section */
		39F691F81BF8D92300048A5C /* Project object */ = {
			isa = PBXProject;
			attributes = {
				LastSwiftUpdateCheck = 0710;
				LastUpgradeCheck = 0830;
				ORGANIZATIONNAME = ShinokiRyosei;
				TargetAttributes = {
					39F691FF1BF8D92300048A5C = {
						CreatedOnToolsVersion = 7.1.1;
						LastSwiftMigration = 0830;
					};
					39F692131BF8D92300048A5C = {
						CreatedOnToolsVersion = 7.1.1;
						LastSwiftMigration = 0830;
						TestTargetID = 39F691FF1BF8D92300048A5C;
					};
					39F6921E1BF8D92300048A5C = {
						CreatedOnToolsVersion = 7.1.1;
						LastSwiftMigration = 0830;
						TestTargetID = 39F691FF1BF8D92300048A5C;
					};
				};
			};
			buildConfigurationList = 39F691FB1BF8D92300048A5C /* Build configuration list for PBXProject "SampleCamera" */;
			compatibilityVersion = "Xcode 3.2";
			developmentRegion = English;
			hasScannedForEncodings = 0;
			knownRegions = (
				en,
				Base,
			);
			mainGroup = 39F691F71BF8D92300048A5C;
			productRefGroup = 39F692011BF8D92300048A5C /* Products */;
			projectDirPath = "";
			projectRoot = "";
			targets = (
				39F691FF1BF8D92300048A5C /* SampleCamera */,
				39F692131BF8D92300048A5C /* SampleCameraTests */,
				39F6921E1BF8D92300048A5C /* SampleCameraUITests */,
			);
		};
/* End PBXProject section */

/* Begin PBXResourcesBuildPhase section */
		39F691FE1BF8D92300048A5C /* Resources */ = {
			isa = PBXResourcesBuildPhase;
			buildActionMask = 2147483647;
			files = (
				39F6920E1BF8D92300048A5C /* LaunchScreen.storyboard in Resources */,
				39F6920B1BF8D92300048A5C /* Assets.xcassets in Resources */,
				39F692091BF8D92300048A5C /* Main.storyboard in Resources */,
			);
			runOnlyForDeploymentPostprocessing = 0;
		};
		39F692121BF8D92300048A5C /* Resources */ = {
			isa = PBXResourcesBuildPhase;
			buildActionMask = 2147483647;
			files = (
			);
			runOnlyForDeploymentPostprocessing = 0;
		};
		39F6921D1BF8D92300048A5C /* Resources */ = {
			isa = PBXResourcesBuildPhase;
			buildActionMask = 2147483647;
			files = (
			);
			runOnlyForDeploymentPostprocessing = 0;
		};
/* End PBXResourcesBuildPhase section */

/* Begin PBXSourcesBuildPhase section */
		39F691FC1BF8D92300048A5C /* Sources */ = {
			isa = PBXSourcesBuildPhase;
			buildActionMask = 2147483647;
			files = (
				39F692061BF8D92300048A5C /* ViewController.swift in Sources */,
				39F692041BF8D92300048A5C /* AppDelegate.swift in Sources */,
			);
			runOnlyForDeploymentPostprocessing = 0;
		};
		39F692101BF8D92300048A5C /* Sources */ = {
			isa = PBXSourcesBuildPhase;
			buildActionMask = 2147483647;
			files = (
				39F692191BF8D92300048A5C /* SampleCameraTests.swift in Sources */,
			);
			runOnlyForDeploymentPostprocessing = 0;
		};
		39F6921B1BF8D92300048A5C /* Sources */ = {
			isa = PBXSourcesBuildPhase;
			buildActionMask = 2147483647;
			files = (
				39F692241BF8D92300048A5C /* SampleCameraUITests.swift in Sources */,
			);
			runOnlyForDeploymentPostprocessing = 0;
		};
/* End PBXSourcesBuildPhase section */

/* Begin PBXTargetDependency section */
		39F692161BF8D92300048A5C /* PBXTargetDependency */ = {
			isa = PBXTargetDependency;
			target = 39F691FF1BF8D92300048A5C /* SampleCamera */;
			targetProxy = 39F692151BF8D92300048A5C /* PBXContainerItemProxy */;
		};
		39F692211BF8D92300048A5C /* PBXTargetDependency */ = {
			isa = PBXTargetDependency;
			target = 39F691FF1BF8D92300048A5C /* SampleCamera */;
			targetProxy = 39F692201BF8D92300048A5C /* PBXContainerItemProxy */;
		};
/* End PBXTargetDependency section */

/* Begin PBXVariantGroup section */
		39F692071BF8D92300048A5C /* Main.storyboard */ = {
			isa = PBXVariantGroup;
			children = (
				39F692081BF8D92300048A5C /* Base */,
			);
			name = Main.storyboard;
			sourceTree = "<group>";
		};
		39F6920C1BF8D92300048A5C /* LaunchScreen.storyboard */ = {
			isa = PBXVariantGroup;
			children = (
				39F6920D1BF8D92300048A5C /* Base */,
			);
			name = LaunchScreen.storyboard;
			sourceTree = "<group>";
		};
/* End PBXVariantGroup section */

/* Begin XCBuildConfiguration section */
		39F692261BF8D92300048A5C /* Debug */ = {
			isa = XCBuildConfiguration;
			buildSettings = {
				ALWAYS_SEARCH_USER_PATHS = NO;
				CLANG_CXX_LANGUAGE_STANDARD = "gnu++0x";
				CLANG_CXX_LIBRARY = "libc++";
				CLANG_ENABLE_MODULES = YES;
				CLANG_ENABLE_OBJC_ARC = YES;
				CLANG_WARN_BOOL_CONVERSION = YES;
				CLANG_WARN_CONSTANT_CONVERSION = YES;
				CLANG_WARN_DIRECT_OBJC_ISA_USAGE = YES_ERROR;
				CLANG_WARN_EMPTY_BODY = YES;
				CLANG_WARN_ENUM_CONVERSION = YES;
				CLANG_WARN_INFINITE_RECURSION = YES;
				CLANG_WARN_INT_CONVERSION = YES;
				CLANG_WARN_OBJC_ROOT_CLASS = YES_ERROR;
				CLANG_WARN_SUSPICIOUS_MOVE = YES;
				CLANG_WARN_UNREACHABLE_CODE = YES;
				CLANG_WARN__DUPLICATE_METHOD_MATCH = YES;
				"CODE_SIGN_IDENTITY[sdk=iphoneos*]" = "iPhone Developer";
				COPY_PHASE_STRIP = NO;
				DEBUG_INFORMATION_FORMAT = dwarf;
				ENABLE_STRICT_OBJC_MSGSEND = YES;
				ENABLE_TESTABILITY = YES;
				GCC_C_LANGUAGE_STANDARD = gnu99;
				GCC_DYNAMIC_NO_PIC = NO;
				GCC_NO_COMMON_BLOCKS = YES;
				GCC_OPTIMIZATION_LEVEL = 0;
				GCC_PREPROCESSOR_DEFINITIONS = (
					"DEBUG=1",
					"$(inherited)",
				);
				GCC_WARN_64_TO_32_BIT_CONVERSION = YES;
				GCC_WARN_ABOUT_RETURN_TYPE = YES_ERROR;
				GCC_WARN_UNDECLARED_SELECTOR = YES;
				GCC_WARN_UNINITIALIZED_AUTOS = YES_AGGRESSIVE;
				GCC_WARN_UNUSED_FUNCTION = YES;
				GCC_WARN_UNUSED_VARIABLE = YES;
				IPHONEOS_DEPLOYMENT_TARGET = 9.1;
				MTL_ENABLE_DEBUG_INFO = YES;
				ONLY_ACTIVE_ARCH = YES;
				SDKROOT = iphoneos;
				SWIFT_OPTIMIZATION_LEVEL = "-Onone";
			};
			name = Debug;
		};
		39F692271BF8D92300048A5C /* Release */ = {
			isa = XCBuildConfiguration;
			buildSettings = {
				ALWAYS_SEARCH_USER_PATHS = NO;
				CLANG_CXX_LANGUAGE_STANDARD = "gnu++0x";
				CLANG_CXX_LIBRARY = "libc++";
				CLANG_ENABLE_MODULES = YES;
				CLANG_ENABLE_OBJC_ARC = YES;
				CLANG_WARN_BOOL_CONVERSION = YES;
				CLANG_WARN_CONSTANT_CONVERSION = YES;
				CLANG_WARN_DIRECT_OBJC_ISA_USAGE = YES_ERROR;
				CLANG_WARN_EMPTY_BODY = YES;
				CLANG_WARN_ENUM_CONVERSION = YES;
				CLANG_WARN_INFINITE_RECURSION = YES;
				CLANG_WARN_INT_CONVERSION = YES;
				CLANG_WARN_OBJC_ROOT_CLASS = YES_ERROR;
				CLANG_WARN_SUSPICIOUS_MOVE = YES;
				CLANG_WARN_UNREACHABLE_CODE = YES;
				CLANG_WARN__DUPLICATE_METHOD_MATCH = YES;
				"CODE_SIGN_IDENTITY[sdk=iphoneos*]" = "iPhone Developer";
				COPY_PHASE_STRIP = NO;
				DEBUG_INFORMATION_FORMAT = "dwarf-with-dsym";
				ENABLE_NS_ASSERTIONS = NO;
				ENABLE_STRICT_OBJC_MSGSEND = YES;
				GCC_C_LANGUAGE_STANDARD = gnu99;
				GCC_NO_COMMON_BLOCKS = YES;
				GCC_WARN_64_TO_32_BIT_CONVERSION = YES;
				GCC_WARN_ABOUT_RETURN_TYPE = YES_ERROR;
				GCC_WARN_UNDECLARED_SELECTOR = YES;
				GCC_WARN_UNINITIALIZED_AUTOS = YES_AGGRESSIVE;
				GCC_WARN_UNUSED_FUNCTION = YES;
				GCC_WARN_UNUSED_VARIABLE = YES;
				IPHONEOS_DEPLOYMENT_TARGET = 9.1;
				MTL_ENABLE_DEBUG_INFO = NO;
				SDKROOT = iphoneos;
				SWIFT_OPTIMIZATION_LEVEL = "-Owholemodule";
				VALIDATE_PRODUCT = YES;
			};
			name = Release;
		};
		39F692291BF8D92300048A5C /* Debug */ = {
			isa = XCBuildConfiguration;
			buildSettings = {
				ASSETCATALOG_COMPILER_APPICON_NAME = AppIcon;
				INFOPLIST_FILE = SampleCamera/Info.plist;
				LD_RUNPATH_SEARCH_PATHS = "$(inherited) @executable_path/Frameworks";
				PRODUCT_BUNDLE_IDENTIFIER = com.litech.SampleCamera;
				PRODUCT_NAME = "$(TARGET_NAME)";
				SWIFT_VERSION = 3.0;
			};
			name = Debug;
		};
		39F6922A1BF8D92300048A5C /* Release */ = {
			isa = XCBuildConfiguration;
			buildSettings = {
				ASSETCATALOG_COMPILER_APPICON_NAME = AppIcon;
				INFOPLIST_FILE = SampleCamera/Info.plist;
				LD_RUNPATH_SEARCH_PATHS = "$(inherited) @executable_path/Frameworks";
				PRODUCT_BUNDLE_IDENTIFIER = com.litech.SampleCamera;
				PRODUCT_NAME = "$(TARGET_NAME)";
				SWIFT_VERSION = 3.0;
			};
			name = Release;
		};
		39F6922C1BF8D92300048A5C /* Debug */ = {
			isa = XCBuildConfiguration;
			buildSettings = {
				BUNDLE_LOADER = "$(TEST_HOST)";
				INFOPLIST_FILE = SampleCameraTests/Info.plist;
				LD_RUNPATH_SEARCH_PATHS = "$(inherited) @executable_path/Frameworks @loader_path/Frameworks";
				PRODUCT_BUNDLE_IDENTIFIER = com.litech.SampleCameraTests;
				PRODUCT_NAME = "$(TARGET_NAME)";
				SWIFT_VERSION = 3.0;
				TEST_HOST = "$(BUILT_PRODUCTS_DIR)/SampleCamera.app/SampleCamera";
			};
			name = Debug;
		};
		39F6922D1BF8D92300048A5C /* Release */ = {
			isa = XCBuildConfiguration;
			buildSettings = {
				BUNDLE_LOADER = "$(TEST_HOST)";
				INFOPLIST_FILE = SampleCameraTests/Info.plist;
				LD_RUNPATH_SEARCH_PATHS = "$(inherited) @executable_path/Frameworks @loader_path/Frameworks";
				PRODUCT_BUNDLE_IDENTIFIER = com.litech.SampleCameraTests;
				PRODUCT_NAME = "$(TARGET_NAME)";
				SWIFT_VERSION = 3.0;
				TEST_HOST = "$(BUILT_PRODUCTS_DIR)/SampleCamera.app/SampleCamera";
			};
			name = Release;
		};
		39F6922F1BF8D92300048A5C /* Debug */ = {
			isa = XCBuildConfiguration;
			buildSettings = {
				INFOPLIST_FILE = SampleCameraUITests/Info.plist;
				LD_RUNPATH_SEARCH_PATHS = "$(inherited) @executable_path/Frameworks @loader_path/Frameworks";
				PRODUCT_BUNDLE_IDENTIFIER = com.litech.SampleCameraUITests;
				PRODUCT_NAME = "$(TARGET_NAME)";
				SWIFT_VERSION = 3.0;
				TEST_TARGET_NAME = SampleCamera;
				USES_XCTRUNNER = YES;
			};
			name = Debug;
		};
		39F692301BF8D92300048A5C /* Release */ = {
			isa = XCBuildConfiguration;
			buildSettings = {
				INFOPLIST_FILE = SampleCameraUITests/Info.plist;
				LD_RUNPATH_SEARCH_PATHS = "$(inherited) @executable_path/Frameworks @loader_path/Frameworks";
				PRODUCT_BUNDLE_IDENTIFIER = com.litech.SampleCameraUITests;
				PRODUCT_NAME = "$(TARGET_NAME)";
				SWIFT_VERSION = 3.0;
				TEST_TARGET_NAME = SampleCamera;
				USES_XCTRUNNER = YES;
			};
			name = Release;
		};
/* End XCBuildConfiguration section */

/* Begin XCConfigurationList section */
		39F691FB1BF8D92300048A5C /* Build configuration list for PBXProject "SampleCamera" */ = {
			isa = XCConfigurationList;
			buildConfigurations = (
				39F692261BF8D92300048A5C /* Debug */,
				39F692271BF8D92300048A5C /* Release */,
			);
			defaultConfigurationIsVisible = 0;
			defaultConfigurationName = Release;
		};
		39F692281BF8D92300048A5C /* Build configuration list for PBXNativeTarget "SampleCamera" */ = {
			isa = XCConfigurationList;
			buildConfigurations = (
				39F692291BF8D92300048A5C /* Debug */,
				39F6922A1BF8D92300048A5C /* Release */,
			);
			defaultConfigurationIsVisible = 0;
			defaultConfigurationName = Release;
		};
		39F6922B1BF8D92300048A5C /* Build configuration list for PBXNativeTarget "SampleCameraTests" */ = {
			isa = XCConfigurationList;
			buildConfigurations = (
				39F6922C1BF8D92300048A5C /* Debug */,
				39F6922D1BF8D92300048A5C /* Release */,
			);
			defaultConfigurationIsVisible = 0;
			defaultConfigurationName = Release;
		};
		39F6922E1BF8D92300048A5C /* Build configuration list for PBXNativeTarget "SampleCameraUITests" */ = {
			isa = XCConfigurationList;
			buildConfigurations = (
				39F6922F1BF8D92300048A5C /* Debug */,
				39F692301BF8D92300048A5C /* Release */,
			);
			defaultConfigurationIsVisible = 0;
			defaultConfigurationName = Release;
		};
/* End XCConfigurationList section */
	};
	rootObject = 39F691F81BF8D92300048A5C /* Project object */;
}
